
Microsoft Visual Studio Solution File, Format Version 12.00
# Visual Studio Version 17
VisualStudioVersion = 17.8.34309.116
MinimumVisualStudioVersion = 10.0.40219.1
Project("{FAE04EC0-301F-11D3-BF4B-00C04F79EFBC}") = "HyperPayIntegration", "HyperPayIntegration\HyperPayIntegration.csproj", "{23832AF8-9702-4CDF-869B-5332C1D15C2B}"
EndProject
Global
	GlobalSection(SolutionConfigurationPlatforms) = preSolution
		Debug|Any CPU = Debug|Any CPU
		Release|Any CPU = Release|Any CPU
	EndGlobalSection
	GlobalSection(ProjectConfigurationPlatforms) = postSolution
		{23832AF8-9702-4CDF-869B-5332C1D15C2B}.Debug|Any CPU.ActiveCfg = Debug|Any CPU
		{23832AF8-9702-4CDF-869B-5332C1D15C2B}.Debug|Any CPU.Build.0 = Debug|Any CPU
		{23832AF8-9702-4CDF-869B-5332C1D15C2B}.Release|Any CPU.ActiveCfg = Release|Any CPU
		{23832AF8-9702-4CDF-869B-5332C1D15C2B}.Release|Any CPU.Build.0 = Release|Any CPU
	EndGlobalSection
	GlobalSection(SolutionProperties) = preSolution
		HideSolutionNode = FALSE
	EndGlobalSection
	GlobalSection(ExtensibilityGlobals) = postSolution
		SolutionGuid = {1C25C9BD-35E7-41ED-B73C-409A81EA44B4}
	EndGlobalSection
EndGlobal
